// !$*UTF8*$!
{
	archiveVersion = 1;
	classes = {
	};
	objectVersion = 46;
	objects = {

/* Begin PBXBuildFile section */
		C807E9C71C428B8D003D9E5B /* AppDelegate.swift in Sources */ = {isa = PBXBuildFile; fileRef = C807E9C61C428B8D003D9E5B /* AppDelegate.swift */; };
		C807E9C91C428B8D003D9E5B /* ViewController.swift in Sources */ = {isa = PBXBuildFile; fileRef = C807E9C81C428B8D003D9E5B /* ViewController.swift */; };
		C807E9CC1C428B8D003D9E5B /* Main.storyboard in Resources */ = {isa = PBXBuildFile; fileRef = C807E9CA1C428B8D003D9E5B /* Main.storyboard */; };
		C807E9CE1C428B8D003D9E5B /* Assets.xcassets in Resources */ = {isa = PBXBuildFile; fileRef = C807E9CD1C428B8D003D9E5B /* Assets.xcassets */; };
		C807E9D11C428B8D003D9E5B /* LaunchScreen.storyboard in Resources */ = {isa = PBXBuildFile; fileRef = C807E9CF1C428B8D003D9E5B /* LaunchScreen.storyboard */; };
		C807E9DE1C428BF9003D9E5B /* Icon.png in Resources */ = {isa = PBXBuildFile; fileRef = C807E9DD1C428BF9003D9E5B /* Icon.png */; };
		C814FB751D9947B400BB6FC2 /* iOSAudioPlayer.framework in Frameworks */ = {isa = PBXBuildFile; fileRef = C814FB731D9947A900BB6FC2 /* iOSAudioPlayer.framework */; };
		C814FB761D9947B400BB6FC2 /* iOSAudioPlayer.framework in Embed Frameworks */ = {isa = PBXBuildFile; fileRef = C814FB731D9947A900BB6FC2 /* iOSAudioPlayer.framework */; settings = {ATTRIBUTES = (CodeSignOnCopy, RemoveHeadersOnCopy, ); }; };
/* End PBXBuildFile section */

/* Begin PBXCopyFilesBuildPhase section */
		C807E9DC1C428BC7003D9E5B /* Embed Frameworks */ = {
			isa = PBXCopyFilesBuildPhase;
			buildActionMask = 2147483647;
			dstPath = "";
			dstSubfolderSpec = 10;
			files = (
				C814FB761D9947B400BB6FC2 /* iOSAudioPlayer.framework in Embed Frameworks */,
			);
			name = "Embed Frameworks";
			runOnlyForDeploymentPostprocessing = 0;
		};
/* End PBXCopyFilesBuildPhase section */

/* Begin PBXFileReference section */
		C807E9C31C428B8D003D9E5B /* DemoAudioPlayer.app */ = {isa = PBXFileReference; explicitFileType = wrapper.application; includeInIndex = 0; path = DemoAudioPlayer.app; sourceTree = BUILT_PRODUCTS_DIR; };
		C807E9C61C428B8D003D9E5B /* AppDelegate.swift */ = {isa = PBXFileReference; lastKnownFileType = sourcecode.swift; path = AppDelegate.swift; sourceTree = "<group>"; };
		C807E9C81C428B8D003D9E5B /* ViewController.swift */ = {isa = PBXFileReference; lastKnownFileType = sourcecode.swift; path = ViewController.swift; sourceTree = "<group>"; };
		C807E9CB1C428B8D003D9E5B /* Base */ = {isa = PBXFileReference; lastKnownFileType = file.storyboard; name = Base; path = Base.lproj/Main.storyboard; sourceTree = "<group>"; };
		C807E9CD1C428B8D003D9E5B /* Assets.xcassets */ = {isa = PBXFileReference; lastKnownFileType = folder.assetcatalog; path = Assets.xcassets; sourceTree = "<group>"; };
		C807E9D01C428B8D003D9E5B /* Base */ = {isa = PBXFileReference; lastKnownFileType = file.storyboard; name = Base; path = Base.lproj/LaunchScreen.storyboard; sourceTree = "<group>"; };
		C807E9D21C428B8D003D9E5B /* Info.plist */ = {isa = PBXFileReference; lastKnownFileType = text.plist.xml; path = Info.plist; sourceTree = "<group>"; };
		C807E9DD1C428BF9003D9E5B /* Icon.png */ = {isa = PBXFileReference; lastKnownFileType = image.png; path = Icon.png; sourceTree = "<group>"; };
		C814FB731D9947A900BB6FC2 /* iOSAudioPlayer.framework */ = {isa = PBXFileReference; lastKnownFileType = wrapper.framework; name = iOSAudioPlayer.framework; path = ../../Framework/CompiledLibrary/1.0.1/iOSAudioPlayer.framework; sourceTree = "<group>"; };
/* End PBXFileReference section */

/* Begin PBXFrameworksBuildPhase section */
		C807E9C01C428B8D003D9E5B /* Frameworks */ = {
			isa = PBXFrameworksBuildPhase;
			buildActionMask = 2147483647;
			files = (
				C814FB751D9947B400BB6FC2 /* iOSAudioPlayer.framework in Frameworks */,
			);
			runOnlyForDeploymentPostprocessing = 0;
		};
/* End PBXFrameworksBuildPhase section */

/* Begin PBXGroup section */
		C807E9BA1C428B8D003D9E5B = {
			isa = PBXGroup;
			children = (
				C814FB731D9947A900BB6FC2 /* iOSAudioPlayer.framework */,
				C807E9C51C428B8D003D9E5B /* DemoAudioPlayer */,
				C807E9C41C428B8D003D9E5B /* Products */,
			);
			sourceTree = "<group>";
		};
		C807E9C41C428B8D003D9E5B /* Products */ = {
			isa = PBXGroup;
			children = (
				C807E9C31C428B8D003D9E5B /* DemoAudioPlayer.app */,
			);
			name = Products;
			sourceTree = "<group>";
		};
		C807E9C51C428B8D003D9E5B /* DemoAudioPlayer */ = {
			isa = PBXGroup;
			children = (
				C807E9DD1C428BF9003D9E5B /* Icon.png */,
				C807E9C61C428B8D003D9E5B /* AppDelegate.swift */,
				C807E9C81C428B8D003D9E5B /* ViewController.swift */,
				C807E9CA1C428B8D003D9E5B /* Main.storyboard */,
				C807E9CD1C428B8D003D9E5B /* Assets.xcassets */,
				C807E9CF1C428B8D003D9E5B /* LaunchScreen.storyboard */,
				C807E9D21C428B8D003D9E5B /* Info.plist */,
			);
			path = DemoAudioPlayer;
			sourceTree = "<group>";
		};
/* End PBXGroup section */

/* Begin PBXNativeTarget section */
		C807E9C21C428B8D003D9E5B /* DemoAudioPlayer */ = {
			isa = PBXNativeTarget;
			buildConfigurationList = C807E9D51C428B8D003D9E5B /* Build configuration list for PBXNativeTarget "DemoAudioPlayer" */;
			buildPhases = (
				C807E9BF1C428B8D003D9E5B /* Sources */,
				C807E9C01C428B8D003D9E5B /* Frameworks */,
				C807E9C11C428B8D003D9E5B /* Resources */,
				C807E9DC1C428BC7003D9E5B /* Embed Frameworks */,
			);
			buildRules = (
			);
			dependencies = (
			);
			name = DemoAudioPlayer;
			productName = DemoAudioPlayer;
			productReference = C807E9C31C428B8D003D9E5B /* DemoAudioPlayer.app */;
			productType = "com.apple.product-type.application";
		};
/* End PBXNativeTarget section */

/* Begin PBXProject section */
		C807E9BB1C428B8D003D9E5B /* Project object */ = {
			isa = PBXProject;
			attributes = {
				LastSwiftUpdateCheck = 0720;
				LastUpgradeCheck = 0720;
				ORGANIZATIONNAME = "3Pillar Global";
				TargetAttributes = {
					C807E9C21C428B8D003D9E5B = {
						CreatedOnToolsVersion = 7.2;
						DevelopmentTeam = U72SPX5AGJ;
						LastSwiftMigration = 0800;
					};
				};
			};
			buildConfigurationList = C807E9BE1C428B8D003D9E5B /* Build configuration list for PBXProject "DemoAudioPlayer" */;
			compatibilityVersion = "Xcode 3.2";
			developmentRegion = English;
			hasScannedForEncodings = 0;
			knownRegions = (
				en,
				Base,
			);
			mainGroup = C807E9BA1C428B8D003D9E5B;
			productRefGroup = C807E9C41C428B8D003D9E5B /* Products */;
			projectDirPath = "";
			projectRoot = "";
			targets = (
				C807E9C21C428B8D003D9E5B /* DemoAudioPlayer */,
			);
		};
/* End PBXProject section */

/* Begin PBXResourcesBuildPhase section */
		C807E9C11C428B8D003D9E5B /* Resources */ = {
			isa = PBXResourcesBuildPhase;
			buildActionMask = 2147483647;
			files = (
				C807E9DE1C428BF9003D9E5B /* Icon.png in Resources */,
				C807E9D11C428B8D003D9E5B /* LaunchScreen.storyboard in Resources */,
				C807E9CE1C428B8D003D9E5B /* Assets.xcassets in Resources */,
				C807E9CC1C428B8D003D9E5B /* Main.storyboard in Resources */,
			);
			runOnlyForDeploymentPostprocessing = 0;
		};
/* End PBXResourcesBuildPhase section */

/* Begin PBXSourcesBuildPhase section */
		C807E9BF1C428B8D003D9E5B /* Sources */ = {
			isa = PBXSourcesBuildPhase;
			buildActionMask = 2147483647;
			files = (
				C807E9C91C428B8D003D9E5B /* ViewController.swift in Sources */,
				C807E9C71C428B8D003D9E5B /* AppDelegate.swift in Sources */,
			);
			runOnlyForDeploymentPostprocessing = 0;
		};
/* End PBXSourcesBuildPhase section */

/* Begin PBXVariantGroup section */
		C807E9CA1C428B8D003D9E5B /* Main.storyboard */ = {
			isa = PBXVariantGroup;
			children = (
				C807E9CB1C428B8D003D9E5B /* Base */,
			);
			name = Main.storyboard;
			sourceTree = "<group>";
		};
		C807E9CF1C428B8D003D9E5B /* LaunchScreen.storyboard */ = {
			isa = PBXVariantGroup;
			children = (
				C807E9D01C428B8D003D9E5B /* Base */,
			);
			name = LaunchScreen.storyboard;
			sourceTree = "<group>";
		};
/* End PBXVariantGroup section */

/* Begin XCBuildConfiguration section */
		C807E9D31C428B8D003D9E5B /* Debug */ = {
			isa = XCBuildConfiguration;
			buildSettings = {
				ALWAYS_SEARCH_USER_PATHS = NO;
				CLANG_CXX_LANGUAGE_STANDARD = "gnu++0x";
				CLANG_CXX_LIBRARY = "libc++";
				CLANG_ENABLE_MODULES = YES;
				CLANG_ENABLE_OBJC_ARC = YES;
				CLANG_WARN_BOOL_CONVERSION = YES;
				CLANG_WARN_CONSTANT_CONVERSION = YES;
				CLANG_WARN_DIRECT_OBJC_ISA_USAGE = YES_ERROR;
				CLANG_WARN_EMPTY_BODY = YES;
				CLANG_WARN_ENUM_CONVERSION = YES;
				CLANG_WARN_INT_CONVERSION = YES;
				CLANG_WARN_OBJC_ROOT_CLASS = YES_ERROR;
				CLANG_WARN_UNREACHABLE_CODE = YES;
				CLANG_WARN__DUPLICATE_METHOD_MATCH = YES;
				"CODE_SIGN_IDENTITY[sdk=iphoneos*]" = "iPhone Developer";
				COPY_PHASE_STRIP = NO;
				DEBUG_INFORMATION_FORMAT = dwarf;
				ENABLE_STRICT_OBJC_MSGSEND = YES;
				ENABLE_TESTABILITY = YES;
				GCC_C_LANGUAGE_STANDARD = gnu99;
				GCC_DYNAMIC_NO_PIC = NO;
				GCC_NO_COMMON_BLOCKS = YES;
				GCC_OPTIMIZATION_LEVEL = 0;
				GCC_PREPROCESSOR_DEFINITIONS = (
					"DEBUG=1",
					"$(inherited)",
				);
				GCC_WARN_64_TO_32_BIT_CONVERSION = YES;
				GCC_WARN_ABOUT_RETURN_TYPE = YES_ERROR;
				GCC_WARN_UNDECLARED_SELECTOR = YES;
				GCC_WARN_UNINITIALIZED_AUTOS = YES_AGGRESSIVE;
				GCC_WARN_UNUSED_FUNCTION = YES;
				GCC_WARN_UNUSED_VARIABLE = YES;
				IPHONEOS_DEPLOYMENT_TARGET = 8.1;
				MTL_ENABLE_DEBUG_INFO = YES;
				ONLY_ACTIVE_ARCH = YES;
				SDKROOT = iphoneos;
				SWIFT_OPTIMIZATION_LEVEL = "-Onone";
				TARGETED_DEVICE_FAMILY = "1,2";
			};
			name = Debug;
		};
		C807E9D41C428B8D003D9E5B /* Release */ = {
			isa = XCBuildConfiguration;
			buildSettings = {
				ALWAYS_SEARCH_USER_PATHS = NO;
				CLANG_CXX_LANGUAGE_STANDARD = "gnu++0x";
				CLANG_CXX_LIBRARY = "libc++";
				CLANG_ENABLE_MODULES = YES;
				CLANG_ENABLE_OBJC_ARC = YES;
				CLANG_WARN_BOOL_CONVERSION = YES;
				CLANG_WARN_CONSTANT_CONVERSION = YES;
				CLANG_WARN_DIRECT_OBJC_ISA_USAGE = YES_ERROR;
				CLANG_WARN_EMPTY_BODY = YES;
				CLANG_WARN_ENUM_CONVERSION = YES;
				CLANG_WARN_INT_CONVERSION = YES;
				CLANG_WARN_OBJC_ROOT_CLASS = YES_ERROR;
				CLANG_WARN_UNREACHABLE_CODE = YES;
				CLANG_WARN__DUPLICATE_METHOD_MATCH = YES;
				"CODE_SIGN_IDENTITY[sdk=iphoneos*]" = "iPhone Developer";
				COPY_PHASE_STRIP = NO;
				DEBUG_INFORMATION_FORMAT = "dwarf-with-dsym";
				ENABLE_NS_ASSERTIONS = NO;
				ENABLE_STRICT_OBJC_MSGSEND = YES;
				GCC_C_LANGUAGE_STANDARD = gnu99;
				GCC_NO_COMMON_BLOCKS = YES;
				GCC_WARN_64_TO_32_BIT_CONVERSION = YES;
				GCC_WARN_ABOUT_RETURN_TYPE = YES_ERROR;
				GCC_WARN_UNDECLARED_SELECTOR = YES;
				GCC_WARN_UNINITIALIZED_AUTOS = YES_AGGRESSIVE;
				GCC_WARN_UNUSED_FUNCTION = YES;
				GCC_WARN_UNUSED_VARIABLE = YES;
				IPHONEOS_DEPLOYMENT_TARGET = 8.1;
				MTL_ENABLE_DEBUG_INFO = NO;
				SDKROOT = iphoneos;
				TARGETED_DEVICE_FAMILY = "1,2";
				VALIDATE_PRODUCT = YES;
			};
			name = Release;
		};
		C807E9D61C428B8D003D9E5B /* Debug */ = {
			isa = XCBuildConfiguration;
			buildSettings = {
				ALWAYS_EMBED_SWIFT_STANDARD_LIBRARIES = YES;
				ASSETCATALOG_COMPILER_APPICON_NAME = AppIcon;
				DEVELOPMENT_TEAM = U72SPX5AGJ;
				FRAMEWORK_SEARCH_PATHS = (
					"$(inherited)",
					"$(PROJECT_DIR)",
				);
				INFOPLIST_FILE = DemoAudioPlayer/Info.plist;
				LD_RUNPATH_SEARCH_PATHS = "$(inherited) @executable_path/Frameworks";
				ONLY_ACTIVE_ARCH = YES;
				PRODUCT_BUNDLE_IDENTIFIER = com.3pillarglobal.iosaudioplayer.DemoAudioPlayer;
				PRODUCT_NAME = "$(TARGET_NAME)";
				SWIFT_VERSION = 3.0;
			};
			name = Debug;
		};
		C807E9D71C428B8D003D9E5B /* Release */ = {
			isa = XCBuildConfiguration;
			buildSettings = {
				ALWAYS_EMBED_SWIFT_STANDARD_LIBRARIES = YES;
				ASSETCATALOG_COMPILER_APPICON_NAME = AppIcon;
				DEVELOPMENT_TEAM = U72SPX5AGJ;
				FRAMEWORK_SEARCH_PATHS = (
					"$(inherited)",
					"$(PROJECT_DIR)",
				);
				INFOPLIST_FILE = DemoAudioPlayer/Info.plist;
				LD_RUNPATH_SEARCH_PATHS = "$(inherited) @executable_path/Frameworks";
				PRODUCT_BUNDLE_IDENTIFIER = com.3pillarglobal.iosaudioplayer.DemoAudioPlayer;
				PRODUCT_NAME = "$(TARGET_NAME)";
				SWIFT_VERSION = 3.0;
			};
			name = Release;
		};
/* End XCBuildConfiguration section */

/* Begin XCConfigurationList section */
		C807E9BE1C428B8D003D9E5B /* Build configuration list for PBXProject "DemoAudioPlayer" */ = {
			isa = XCConfigurationList;
			buildConfigurations = (
				C807E9D31C428B8D003D9E5B /* Debug */,
				C807E9D41C428B8D003D9E5B /* Release */,
			);
			defaultConfigurationIsVisible = 0;
			defaultConfigurationName = Release;
		};
		C807E9D51C428B8D003D9E5B /* Build configuration list for PBXNativeTarget "DemoAudioPlayer" */ = {
			isa = XCConfigurationList;
			buildConfigurations = (
				C807E9D61C428B8D003D9E5B /* Debug */,
				C807E9D71C428B8D003D9E5B /* Release */,
			);
			defaultConfigurationIsVisible = 0;
			defaultConfigurationName = Release;
		};
/* End XCConfigurationList section */
	};
	rootObject = C807E9BB1C428B8D003D9E5B /* Project object */;
}
